// !$*UTF8*$!
{
	archiveVersion = 1;
	classes = {
	};
	objectVersion = 56;
	objects = {

/* Begin PBXBuildFile section */
		7A6B3C452C59E92C0004AE94 /* ContentView.swift in Sources */ = {isa = PBXBuildFile; fileRef = 7A6B3C442C59E92C0004AE94 /* ContentView.swift */; };
		7A6B3C472C59E9350004AE94 /* userLogin.swift in Sources */ = {isa = PBXBuildFile; fileRef = 7A6B3C462C59E9350004AE94 /* userLogin.swift */; };
		7A6B3C492C59EF0D0004AE94 /* QuizView.swift in Sources */ = {isa = PBXBuildFile; fileRef = 7A6B3C482C59EF0D0004AE94 /* QuizView.swift */; };
		7A6B3C4B2C59EF120004AE94 /* QuestionGenerator.swift in Sources */ = {isa = PBXBuildFile; fileRef = 7A6B3C4A2C59EF120004AE94 /* QuestionGenerator.swift */; };
		7A6B3C4D2C59EF3B0004AE94 /* SubjectSelectionView.swift in Sources */ = {isa = PBXBuildFile; fileRef = 7A6B3C4C2C59EF3B0004AE94 /* SubjectSelectionView.swift */; };
		7A6B3C4F2C59F0280004AE94 /* WriteNote.swift in Sources */ = {isa = PBXBuildFile; fileRef = 7A6B3C4E2C59F0280004AE94 /* WriteNote.swift */; };
		7A6B3C512C59F0800004AE94 /* SearchView.swift in Sources */ = {isa = PBXBuildFile; fileRef = 7A6B3C502C59F0800004AE94 /* SearchView.swift */; };
		7A6B3C532C59F08B0004AE94 /* CalendarView.swift in Sources */ = {isa = PBXBuildFile; fileRef = 7A6B3C522C59F08B0004AE94 /* CalendarView.swift */; };
		7A6B3C552C59F0900004AE94 /* NotesViewModel.swift in Sources */ = {isa = PBXBuildFile; fileRef = 7A6B3C542C59F0900004AE94 /* NotesViewModel.swift */; };
		7A6B3C572C59F0960004AE94 /* NoteEditorView.swift in Sources */ = {isa = PBXBuildFile; fileRef = 7A6B3C562C59F0960004AE94 /* NoteEditorView.swift */; };
		7A6B3C592C59F09C0004AE94 /* NoteDetailView.swift in Sources */ = {isa = PBXBuildFile; fileRef = 7A6B3C582C59F09C0004AE94 /* NoteDetailView.swift */; };
		7A6B3C5B2C59F0A30004AE94 /* Note.swift in Sources */ = {isa = PBXBuildFile; fileRef = 7A6B3C5A2C59F0A30004AE94 /* Note.swift */; };
		7ABE27602C59DD75004C1EC0 /* FlashcardsView.swift in Sources */ = {isa = PBXBuildFile; fileRef = 7ABE275F2C59DD75004C1EC0 /* FlashcardsView.swift */; };
		7ABE27622C59DD7F004C1EC0 /* Homepage.swift in Sources */ = {isa = PBXBuildFile; fileRef = 7ABE27612C59DD7F004C1EC0 /* Homepage.swift */; };
		8F78F5B82C504851000084D3 /* study_sageApp.swift in Sources */ = {isa = PBXBuildFile; fileRef = 8F78F5B72C504851000084D3 /* study_sageApp.swift */; };
		8F78F5BC2C504852000084D3 /* Assets.xcassets in Resources */ = {isa = PBXBuildFile; fileRef = 8F78F5BB2C504852000084D3 /* Assets.xcassets */; };
		8F78F5BF2C504852000084D3 /* Preview Assets.xcassets in Resources */ = {isa = PBXBuildFile; fileRef = 8F78F5BE2C504852000084D3 /* Preview Assets.xcassets */; };
		8F78F5C92C504852000084D3 /* study_sageTests.swift in Sources */ = {isa = PBXBuildFile; fileRef = 8F78F5C82C504852000084D3 /* study_sageTests.swift */; };
		8F78F5D32C504852000084D3 /* study_sageUITests.swift in Sources */ = {isa = PBXBuildFile; fileRef = 8F78F5D22C504852000084D3 /* study_sageUITests.swift */; };
		8F78F5D52C504852000084D3 /* study_sageUITestsLaunchTests.swift in Sources */ = {isa = PBXBuildFile; fileRef = 8F78F5D42C504852000084D3 /* study_sageUITestsLaunchTests.swift */; };
/* End PBXBuildFile section */

/* Begin PBXContainerItemProxy section */
		8F78F5C52C504852000084D3 /* PBXContainerItemProxy */ = {
			isa = PBXContainerItemProxy;
			containerPortal = 8F78F5AC2C504851000084D3 /* Project object */;
			proxyType = 1;
			remoteGlobalIDString = 8F78F5B32C504851000084D3;
			remoteInfo = "study-sage";
		};
		8F78F5CF2C504852000084D3 /* PBXContainerItemProxy */ = {
			isa = PBXContainerItemProxy;
			containerPortal = 8F78F5AC2C504851000084D3 /* Project object */;
			proxyType = 1;
			remoteGlobalIDString = 8F78F5B32C504851000084D3;
			remoteInfo = "study-sage";
		};
/* End PBXContainerItemProxy section */

/* Begin PBXFileReference section */
		7A6B3C442C59E92C0004AE94 /* ContentView.swift */ = {isa = PBXFileReference; fileEncoding = 4; lastKnownFileType = sourcecode.swift; name = ContentView.swift; path = ../../../Desktop/ContentView.swift; sourceTree = "<group>"; };
		7A6B3C462C59E9350004AE94 /* userLogin.swift */ = {isa = PBXFileReference; fileEncoding = 4; lastKnownFileType = sourcecode.swift; name = userLogin.swift; path = ../../../Desktop/userLogin.swift; sourceTree = "<group>"; };
		7A6B3C482C59EF0D0004AE94 /* QuizView.swift */ = {isa = PBXFileReference; fileEncoding = 4; lastKnownFileType = sourcecode.swift; name = QuizView.swift; path = ../../../Downloads/QuizView.swift; sourceTree = "<group>"; };
		7A6B3C4A2C59EF120004AE94 /* QuestionGenerator.swift */ = {isa = PBXFileReference; fileEncoding = 4; lastKnownFileType = sourcecode.swift; name = QuestionGenerator.swift; path = ../../../Downloads/QuestionGenerator.swift; sourceTree = "<group>"; };
		7A6B3C4C2C59EF3B0004AE94 /* SubjectSelectionView.swift */ = {isa = PBXFileReference; lastKnownFileType = sourcecode.swift; path = SubjectSelectionView.swift; sourceTree = "<group>"; };
		7A6B3C4E2C59F0280004AE94 /* WriteNote.swift */ = {isa = PBXFileReference; fileEncoding = 4; lastKnownFileType = sourcecode.swift; name = WriteNote.swift; path = ../../../Downloads/WriteNote.swift; sourceTree = "<group>"; };
		7A6B3C502C59F0800004AE94 /* SearchView.swift */ = {isa = PBXFileReference; fileEncoding = 4; lastKnownFileType = sourcecode.swift; name = SearchView.swift; path = ../../../Downloads/SearchView.swift; sourceTree = "<group>"; };
		7A6B3C522C59F08B0004AE94 /* CalendarView.swift */ = {isa = PBXFileReference; fileEncoding = 4; lastKnownFileType = sourcecode.swift; name = CalendarView.swift; path = ../../../Downloads/CalendarView.swift; sourceTree = "<group>"; };
		7A6B3C542C59F0900004AE94 /* NotesViewModel.swift */ = {isa = PBXFileReference; fileEncoding = 4; lastKnownFileType = sourcecode.swift; name = NotesViewModel.swift; path = ../../../Downloads/NotesViewModel.swift; sourceTree = "<group>"; };
		7A6B3C562C59F0960004AE94 /* NoteEditorView.swift */ = {isa = PBXFileReference; fileEncoding = 4; lastKnownFileType = sourcecode.swift; name = NoteEditorView.swift; path = ../../../Downloads/NoteEditorView.swift; sourceTree = "<group>"; };
		7A6B3C582C59F09C0004AE94 /* NoteDetailView.swift */ = {isa = PBXFileReference; fileEncoding = 4; lastKnownFileType = sourcecode.swift; name = NoteDetailView.swift; path = ../../../Downloads/NoteDetailView.swift; sourceTree = "<group>"; };
		7A6B3C5A2C59F0A30004AE94 /* Note.swift */ = {isa = PBXFileReference; fileEncoding = 4; lastKnownFileType = sourcecode.swift; name = Note.swift; path = ../../../Downloads/Note.swift; sourceTree = "<group>"; };
		7ABE275F2C59DD75004C1EC0 /* FlashcardsView.swift */ = {isa = PBXFileReference; lastKnownFileType = sourcecode.swift; path = FlashcardsView.swift; sourceTree = "<group>"; };
		7ABE27612C59DD7F004C1EC0 /* Homepage.swift */ = {isa = PBXFileReference; lastKnownFileType = sourcecode.swift; path = Homepage.swift; sourceTree = "<group>"; };
		8F78F5B42C504851000084D3 /* study-sage.app */ = {isa = PBXFileReference; explicitFileType = wrapper.application; includeInIndex = 0; path = "study-sage.app"; sourceTree = BUILT_PRODUCTS_DIR; };
		8F78F5B72C504851000084D3 /* study_sageApp.swift */ = {isa = PBXFileReference; lastKnownFileType = sourcecode.swift; path = study_sageApp.swift; sourceTree = "<group>"; };
		8F78F5BB2C504852000084D3 /* Assets.xcassets */ = {isa = PBXFileReference; lastKnownFileType = folder.assetcatalog; path = Assets.xcassets; sourceTree = "<group>"; };
		8F78F5BE2C504852000084D3 /* Preview Assets.xcassets */ = {isa = PBXFileReference; lastKnownFileType = folder.assetcatalog; path = "Preview Assets.xcassets"; sourceTree = "<group>"; };
		8F78F5C42C504852000084D3 /* study-sageTests.xctest */ = {isa = PBXFileReference; explicitFileType = wrapper.cfbundle; includeInIndex = 0; path = "study-sageTests.xctest"; sourceTree = BUILT_PRODUCTS_DIR; };
		8F78F5C82C504852000084D3 /* study_sageTests.swift */ = {isa = PBXFileReference; lastKnownFileType = sourcecode.swift; path = study_sageTests.swift; sourceTree = "<group>"; };
		8F78F5CE2C504852000084D3 /* study-sageUITests.xctest */ = {isa = PBXFileReference; explicitFileType = wrapper.cfbundle; includeInIndex = 0; path = "study-sageUITests.xctest"; sourceTree = BUILT_PRODUCTS_DIR; };
		8F78F5D22C504852000084D3 /* study_sageUITests.swift */ = {isa = PBXFileReference; lastKnownFileType = sourcecode.swift; path = study_sageUITests.swift; sourceTree = "<group>"; };
		8F78F5D42C504852000084D3 /* study_sageUITestsLaunchTests.swift */ = {isa = PBXFileReference; lastKnownFileType = sourcecode.swift; path = study_sageUITestsLaunchTests.swift; sourceTree = "<group>"; };
/* End PBXFileReference section */

/* Begin PBXFrameworksBuildPhase section */
		8F78F5B12C504851000084D3 /* Frameworks */ = {
			isa = PBXFrameworksBuildPhase;
			buildActionMask = 2147483647;
			files = (
			);
			runOnlyForDeploymentPostprocessing = 0;
		};
		8F78F5C12C504852000084D3 /* Frameworks */ = {
			isa = PBXFrameworksBuildPhase;
			buildActionMask = 2147483647;
			files = (
			);
			runOnlyForDeploymentPostprocessing = 0;
		};
		8F78F5CB2C504852000084D3 /* Frameworks */ = {
			isa = PBXFrameworksBuildPhase;
			buildActionMask = 2147483647;
			files = (
			);
			runOnlyForDeploymentPostprocessing = 0;
		};
/* End PBXFrameworksBuildPhase section */

/* Begin PBXGroup section */
		8F78F5AB2C504851000084D3 = {
			isa = PBXGroup;
			children = (
				8F78F5B62C504851000084D3 /* study-sage */,
				8F78F5C72C504852000084D3 /* study-sageTests */,
				8F78F5D12C504852000084D3 /* study-sageUITests */,
				8F78F5B52C504851000084D3 /* Products */,
			);
			sourceTree = "<group>";
		};
		8F78F5B52C504851000084D3 /* Products */ = {
			isa = PBXGroup;
			children = (
				8F78F5B42C504851000084D3 /* study-sage.app */,
				8F78F5C42C504852000084D3 /* study-sageTests.xctest */,
				8F78F5CE2C504852000084D3 /* study-sageUITests.xctest */,
			);
			name = Products;
			sourceTree = "<group>";
		};
		8F78F5B62C504851000084D3 /* study-sage */ = {
			isa = PBXGroup;
			children = (
				8F78F5B72C504851000084D3 /* study_sageApp.swift */,
				7A6B3C462C59E9350004AE94 /* userLogin.swift */,
				7ABE27612C59DD7F004C1EC0 /* Homepage.swift */,
				7A6B3C442C59E92C0004AE94 /* ContentView.swift */,
				7ABE275F2C59DD75004C1EC0 /* FlashcardsView.swift */,
				7A6B3C482C59EF0D0004AE94 /* QuizView.swift */,
				7A6B3C4A2C59EF120004AE94 /* QuestionGenerator.swift */,
				7A6B3C4C2C59EF3B0004AE94 /* SubjectSelectionView.swift */,
				7A6B3C4E2C59F0280004AE94 /* WriteNote.swift */,
				7A6B3C542C59F0900004AE94 /* NotesViewModel.swift */,
				7A6B3C522C59F08B0004AE94 /* CalendarView.swift */,
				7A6B3C5A2C59F0A30004AE94 /* Note.swift */,
				7A6B3C582C59F09C0004AE94 /* NoteDetailView.swift */,
				7A6B3C502C59F0800004AE94 /* SearchView.swift */,
				7A6B3C562C59F0960004AE94 /* NoteEditorView.swift */,
				8F78F5BB2C504852000084D3 /* Assets.xcassets */,
				8F78F5BD2C504852000084D3 /* Preview Content */,
			);
			path = "study-sage";
			sourceTree = "<group>";
		};
		8F78F5BD2C504852000084D3 /* Preview Content */ = {
			isa = PBXGroup;
			children = (
				8F78F5BE2C504852000084D3 /* Preview Assets.xcassets */,
			);
			path = "Preview Content";
			sourceTree = "<group>";
		};
		8F78F5C72C504852000084D3 /* study-sageTests */ = {
			isa = PBXGroup;
			children = (
				8F78F5C82C504852000084D3 /* study_sageTests.swift */,
			);
			path = "study-sageTests";
			sourceTree = "<group>";
		};
		8F78F5D12C504852000084D3 /* study-sageUITests */ = {
			isa = PBXGroup;
			children = (
				8F78F5D22C504852000084D3 /* study_sageUITests.swift */,
				8F78F5D42C504852000084D3 /* study_sageUITestsLaunchTests.swift */,
			);
			path = "study-sageUITests";
			sourceTree = "<group>";
		};
/* End PBXGroup section */

/* Begin PBXNativeTarget section */
		8F78F5B32C504851000084D3 /* study-sage */ = {
			isa = PBXNativeTarget;
			buildConfigurationList = 8F78F5D82C504852000084D3 /* Build configuration list for PBXNativeTarget "study-sage" */;
			buildPhases = (
				8F78F5B02C504851000084D3 /* Sources */,
				8F78F5B12C504851000084D3 /* Frameworks */,
				8F78F5B22C504851000084D3 /* Resources */,
			);
			buildRules = (
			);
			dependencies = (
			);
			name = "study-sage";
			productName = "study-sage";
			productReference = 8F78F5B42C504851000084D3 /* study-sage.app */;
			productType = "com.apple.product-type.application";
		};
		8F78F5C32C504852000084D3 /* study-sageTests */ = {
			isa = PBXNativeTarget;
			buildConfigurationList = 8F78F5DB2C504852000084D3 /* Build configuration list for PBXNativeTarget "study-sageTests" */;
			buildPhases = (
				8F78F5C02C504852000084D3 /* Sources */,
				8F78F5C12C504852000084D3 /* Frameworks */,
				8F78F5C22C504852000084D3 /* Resources */,
			);
			buildRules = (
			);
			dependencies = (
				8F78F5C62C504852000084D3 /* PBXTargetDependency */,
			);
			name = "study-sageTests";
			productName = "study-sageTests";
			productReference = 8F78F5C42C504852000084D3 /* study-sageTests.xctest */;
			productType = "com.apple.product-type.bundle.unit-test";
		};
		8F78F5CD2C504852000084D3 /* study-sageUITests */ = {
			isa = PBXNativeTarget;
			buildConfigurationList = 8F78F5DE2C504852000084D3 /* Build configuration list for PBXNativeTarget "study-sageUITests" */;
			buildPhases = (
				8F78F5CA2C504852000084D3 /* Sources */,
				8F78F5CB2C504852000084D3 /* Frameworks */,
				8F78F5CC2C504852000084D3 /* Resources */,
			);
			buildRules = (
			);
			dependencies = (
				8F78F5D02C504852000084D3 /* PBXTargetDependency */,
			);
			name = "study-sageUITests";
			productName = "study-sageUITests";
			productReference = 8F78F5CE2C504852000084D3 /* study-sageUITests.xctest */;
			productType = "com.apple.product-type.bundle.ui-testing";
		};
/* End PBXNativeTarget section */

/* Begin PBXProject section */
		8F78F5AC2C504851000084D3 /* Project object */ = {
			isa = PBXProject;
			attributes = {
				BuildIndependentTargetsInParallel = 1;
				LastSwiftUpdateCheck = 1540;
				LastUpgradeCheck = 1540;
				TargetAttributes = {
					8F78F5B32C504851000084D3 = {
						CreatedOnToolsVersion = 15.4;
					};
					8F78F5C32C504852000084D3 = {
						CreatedOnToolsVersion = 15.4;
						TestTargetID = 8F78F5B32C504851000084D3;
					};
					8F78F5CD2C504852000084D3 = {
						CreatedOnToolsVersion = 15.4;
						TestTargetID = 8F78F5B32C504851000084D3;
					};
				};
			};
			buildConfigurationList = 8F78F5AF2C504851000084D3 /* Build configuration list for PBXProject "study-sage" */;
			compatibilityVersion = "Xcode 14.0";
			developmentRegion = en;
			hasScannedForEncodings = 0;
			knownRegions = (
				en,
				Base,
			);
			mainGroup = 8F78F5AB2C504851000084D3;
			productRefGroup = 8F78F5B52C504851000084D3 /* Products */;
			projectDirPath = "";
			projectRoot = "";
			targets = (
				8F78F5B32C504851000084D3 /* study-sage */,
				8F78F5C32C504852000084D3 /* study-sageTests */,
				8F78F5CD2C504852000084D3 /* study-sageUITests */,
			);
		};
/* End PBXProject section */

/* Begin PBXResourcesBuildPhase section */
		8F78F5B22C504851000084D3 /* Resources */ = {
			isa = PBXResourcesBuildPhase;
			buildActionMask = 2147483647;
			files = (
				8F78F5BF2C504852000084D3 /* Preview Assets.xcassets in Resources */,
				8F78F5BC2C504852000084D3 /* Assets.xcassets in Resources */,
			);
			runOnlyForDeploymentPostprocessing = 0;
		};
		8F78F5C22C504852000084D3 /* Resources */ = {
			isa = PBXResourcesBuildPhase;
			buildActionMask = 2147483647;
			files = (
			);
			runOnlyForDeploymentPostprocessing = 0;
		};
		8F78F5CC2C504852000084D3 /* Resources */ = {
			isa = PBXResourcesBuildPhase;
			buildActionMask = 2147483647;
			files = (
			);
			runOnlyForDeploymentPostprocessing = 0;
		};
/* End PBXResourcesBuildPhase section */

/* Begin PBXSourcesBuildPhase section */
		8F78F5B02C504851000084D3 /* Sources */ = {
			isa = PBXSourcesBuildPhase;
			buildActionMask = 2147483647;
			files = (
				7A6B3C572C59F0960004AE94 /* NoteEditorView.swift in Sources */,
				7A6B3C512C59F0800004AE94 /* SearchView.swift in Sources */,
				7A6B3C472C59E9350004AE94 /* userLogin.swift in Sources */,
				7ABE27602C59DD75004C1EC0 /* FlashcardsView.swift in Sources */,
				8F78F5B82C504851000084D3 /* study_sageApp.swift in Sources */,
				7A6B3C5B2C59F0A30004AE94 /* Note.swift in Sources */,
				7A6B3C452C59E92C0004AE94 /* ContentView.swift in Sources */,
				7ABE27622C59DD7F004C1EC0 /* Homepage.swift in Sources */,
				7A6B3C532C59F08B0004AE94 /* CalendarView.swift in Sources */,
				7A6B3C4F2C59F0280004AE94 /* WriteNote.swift in Sources */,
				7A6B3C552C59F0900004AE94 /* NotesViewModel.swift in Sources */,
				7A6B3C492C59EF0D0004AE94 /* QuizView.swift in Sources */,
				7A6B3C4D2C59EF3B0004AE94 /* SubjectSelectionView.swift in Sources */,
				7A6B3C4B2C59EF120004AE94 /* QuestionGenerator.swift in Sources */,
				7A6B3C592C59F09C0004AE94 /* NoteDetailView.swift in Sources */,
			);
			runOnlyForDeploymentPostprocessing = 0;
		};
		8F78F5C02C504852000084D3 /* Sources */ = {
			isa = PBXSourcesBuildPhase;
			buildActionMask = 2147483647;
			files = (
				8F78F5C92C504852000084D3 /* study_sageTests.swift in Sources */,
			);
			runOnlyForDeploymentPostprocessing = 0;
		};
		8F78F5CA2C504852000084D3 /* Sources */ = {
			isa = PBXSourcesBuildPhase;
			buildActionMask = 2147483647;
			files = (
				8F78F5D52C504852000084D3 /* study_sageUITestsLaunchTests.swift in Sources */,
				8F78F5D32C504852000084D3 /* study_sageUITests.swift in Sources */,
			);
			runOnlyForDeploymentPostprocessing = 0;
		};
/* End PBXSourcesBuildPhase section */

/* Begin PBXTargetDependency section */
		8F78F5C62C504852000084D3 /* PBXTargetDependency */ = {
			isa = PBXTargetDependency;
			target = 8F78F5B32C504851000084D3 /* study-sage */;
			targetProxy = 8F78F5C52C504852000084D3 /* PBXContainerItemProxy */;
		};
		8F78F5D02C504852000084D3 /* PBXTargetDependency */ = {
			isa = PBXTargetDependency;
			target = 8F78F5B32C504851000084D3 /* study-sage */;
			targetProxy = 8F78F5CF2C504852000084D3 /* PBXContainerItemProxy */;
		};
/* End PBXTargetDependency section */

/* Begin XCBuildConfiguration section */
		8F78F5D62C504852000084D3 /* Debug */ = {
			isa = XCBuildConfiguration;
			buildSettings = {
				ALWAYS_SEARCH_USER_PATHS = NO;
				ASSETCATALOG_COMPILER_GENERATE_SWIFT_ASSET_SYMBOL_EXTENSIONS = YES;
				CLANG_ANALYZER_NONNULL = YES;
				CLANG_ANALYZER_NUMBER_OBJECT_CONVERSION = YES_AGGRESSIVE;
				CLANG_CXX_LANGUAGE_STANDARD = "gnu++20";
				CLANG_ENABLE_MODULES = YES;
				CLANG_ENABLE_OBJC_ARC = YES;
				CLANG_ENABLE_OBJC_WEAK = YES;
				CLANG_WARN_BLOCK_CAPTURE_AUTORELEASING = YES;
				CLANG_WARN_BOOL_CONVERSION = YES;
				CLANG_WARN_COMMA = YES;
				CLANG_WARN_CONSTANT_CONVERSION = YES;
				CLANG_WARN_DEPRECATED_OBJC_IMPLEMENTATIONS = YES;
				CLANG_WARN_DIRECT_OBJC_ISA_USAGE = YES_ERROR;
				CLANG_WARN_DOCUMENTATION_COMMENTS = YES;
				CLANG_WARN_EMPTY_BODY = YES;
				CLANG_WARN_ENUM_CONVERSION = YES;
				CLANG_WARN_INFINITE_RECURSION = YES;
				CLANG_WARN_INT_CONVERSION = YES;
				CLANG_WARN_NON_LITERAL_NULL_CONVERSION = YES;
				CLANG_WARN_OBJC_IMPLICIT_RETAIN_SELF = YES;
				CLANG_WARN_OBJC_LITERAL_CONVERSION = YES;
				CLANG_WARN_OBJC_ROOT_CLASS = YES_ERROR;
				CLANG_WARN_QUOTED_INCLUDE_IN_FRAMEWORK_HEADER = YES;
				CLANG_WARN_RANGE_LOOP_ANALYSIS = YES;
				CLANG_WARN_STRICT_PROTOTYPES = YES;
				CLANG_WARN_SUSPICIOUS_MOVE = YES;
				CLANG_WARN_UNGUARDED_AVAILABILITY = YES_AGGRESSIVE;
				CLANG_WARN_UNREACHABLE_CODE = YES;
				CLANG_WARN__DUPLICATE_METHOD_MATCH = YES;
				COPY_PHASE_STRIP = NO;
				DEBUG_INFORMATION_FORMAT = dwarf;
				ENABLE_STRICT_OBJC_MSGSEND = YES;
				ENABLE_TESTABILITY = YES;
				ENABLE_USER_SCRIPT_SANDBOXING = YES;
				GCC_C_LANGUAGE_STANDARD = gnu17;
				GCC_DYNAMIC_NO_PIC = NO;
				GCC_NO_COMMON_BLOCKS = YES;
				GCC_OPTIMIZATION_LEVEL = 0;
				GCC_PREPROCESSOR_DEFINITIONS = (
					"DEBUG=1",
					"$(inherited)",
				);
				GCC_WARN_64_TO_32_BIT_CONVERSION = YES;
				GCC_WARN_ABOUT_RETURN_TYPE = YES_ERROR;
				GCC_WARN_UNDECLARED_SELECTOR = YES;
				GCC_WARN_UNINITIALIZED_AUTOS = YES_AGGRESSIVE;
				GCC_WARN_UNUSED_FUNCTION = YES;
				GCC_WARN_UNUSED_VARIABLE = YES;
				IPHONEOS_DEPLOYMENT_TARGET = 17.5;
				LOCALIZATION_PREFERS_STRING_CATALOGS = YES;
				MTL_ENABLE_DEBUG_INFO = INCLUDE_SOURCE;
				MTL_FAST_MATH = YES;
				ONLY_ACTIVE_ARCH = YES;
				SDKROOT = iphoneos;
				SWIFT_ACTIVE_COMPILATION_CONDITIONS = "DEBUG $(inherited)";
				SWIFT_OPTIMIZATION_LEVEL = "-Onone";
			};
			name = Debug;
		};
		8F78F5D72C504852000084D3 /* Release */ = {
			isa = XCBuildConfiguration;
			buildSettings = {
				ALWAYS_SEARCH_USER_PATHS = NO;
				ASSETCATALOG_COMPILER_GENERATE_SWIFT_ASSET_SYMBOL_EXTENSIONS = YES;
				CLANG_ANALYZER_NONNULL = YES;
				CLANG_ANALYZER_NUMBER_OBJECT_CONVERSION = YES_AGGRESSIVE;
				CLANG_CXX_LANGUAGE_STANDARD = "gnu++20";
				CLANG_ENABLE_MODULES = YES;
				CLANG_ENABLE_OBJC_ARC = YES;
				CLANG_ENABLE_OBJC_WEAK = YES;
				CLANG_WARN_BLOCK_CAPTURE_AUTORELEASING = YES;
				CLANG_WARN_BOOL_CONVERSION = YES;
				CLANG_WARN_COMMA = YES;
				CLANG_WARN_CONSTANT_CONVERSION = YES;
				CLANG_WARN_DEPRECATED_OBJC_IMPLEMENTATIONS = YES;
				CLANG_WARN_DIRECT_OBJC_ISA_USAGE = YES_ERROR;
				CLANG_WARN_DOCUMENTATION_COMMENTS = YES;
				CLANG_WARN_EMPTY_BODY = YES;
				CLANG_WARN_ENUM_CONVERSION = YES;
				CLANG_WARN_INFINITE_RECURSION = YES;
				CLANG_WARN_INT_CONVERSION = YES;
				CLANG_WARN_NON_LITERAL_NULL_CONVERSION = YES;
				CLANG_WARN_OBJC_IMPLICIT_RETAIN_SELF = YES;
				CLANG_WARN_OBJC_LITERAL_CONVERSION = YES;
				CLANG_WARN_OBJC_ROOT_CLASS = YES_ERROR;
				CLANG_WARN_QUOTED_INCLUDE_IN_FRAMEWORK_HEADER = YES;
				CLANG_WARN_RANGE_LOOP_ANALYSIS = YES;
				CLANG_WARN_STRICT_PROTOTYPES = YES;
				CLANG_WARN_SUSPICIOUS_MOVE = YES;
				CLANG_WARN_UNGUARDED_AVAILABILITY = YES_AGGRESSIVE;
				CLANG_WARN_UNREACHABLE_CODE = YES;
				CLANG_WARN__DUPLICATE_METHOD_MATCH = YES;
				COPY_PHASE_STRIP = NO;
				DEBUG_INFORMATION_FORMAT = "dwarf-with-dsym";
				ENABLE_NS_ASSERTIONS = NO;
				ENABLE_STRICT_OBJC_MSGSEND = YES;
				ENABLE_USER_SCRIPT_SANDBOXING = YES;
				GCC_C_LANGUAGE_STANDARD = gnu17;
				GCC_NO_COMMON_BLOCKS = YES;
				GCC_WARN_64_TO_32_BIT_CONVERSION = YES;
				GCC_WARN_ABOUT_RETURN_TYPE = YES_ERROR;
				GCC_WARN_UNDECLARED_SELECTOR = YES;
				GCC_WARN_UNINITIALIZED_AUTOS = YES_AGGRESSIVE;
				GCC_WARN_UNUSED_FUNCTION = YES;
				GCC_WARN_UNUSED_VARIABLE = YES;
				IPHONEOS_DEPLOYMENT_TARGET = 17.5;
				LOCALIZATION_PREFERS_STRING_CATALOGS = YES;
				MTL_ENABLE_DEBUG_INFO = NO;
				MTL_FAST_MATH = YES;
				SDKROOT = iphoneos;
				SWIFT_COMPILATION_MODE = wholemodule;
				VALIDATE_PRODUCT = YES;
			};
			name = Release;
		};
		8F78F5D92C504852000084D3 /* Debug */ = {
			isa = XCBuildConfiguration;
			buildSettings = {
				ASSETCATALOG_COMPILER_APPICON_NAME = AppIcon;
				ASSETCATALOG_COMPILER_GLOBAL_ACCENT_COLOR_NAME = AccentColor;
				CODE_SIGN_STYLE = Automatic;
				CURRENT_PROJECT_VERSION = 1;
				DEVELOPMENT_ASSET_PATHS = "\"study-sage/Preview Content\"";
				ENABLE_PREVIEWS = YES;
				GENERATE_INFOPLIST_FILE = YES;
				INFOPLIST_KEY_UIApplicationSceneManifest_Generation = YES;
				INFOPLIST_KEY_UIApplicationSupportsIndirectInputEvents = YES;
				INFOPLIST_KEY_UILaunchScreen_Generation = YES;
				INFOPLIST_KEY_UISupportedInterfaceOrientations_iPad = "UIInterfaceOrientationPortrait UIInterfaceOrientationPortraitUpsideDown UIInterfaceOrientationLandscapeLeft UIInterfaceOrientationLandscapeRight";
				INFOPLIST_KEY_UISupportedInterfaceOrientations_iPhone = "UIInterfaceOrientationPortrait UIInterfaceOrientationLandscapeLeft UIInterfaceOrientationLandscapeRight";
				LD_RUNPATH_SEARCH_PATHS = (
					"$(inherited)",
					"@executable_path/Frameworks",
				);
				MARKETING_VERSION = 1.0;
				PRODUCT_BUNDLE_IDENTIFIER = "study-sage.study-sage";
				PRODUCT_NAME = "$(TARGET_NAME)";
				SWIFT_EMIT_LOC_STRINGS = YES;
				SWIFT_VERSION = 5.0;
				TARGETED_DEVICE_FAMILY = "1,2";
			};
			name = Debug;
		};
		8F78F5DA2C504852000084D3 /* Release */ = {
			isa = XCBuildConfiguration;
			buildSettings = {
				ASSETCATALOG_COMPILER_APPICON_NAME = AppIcon;
				ASSETCATALOG_COMPILER_GLOBAL_ACCENT_COLOR_NAME = AccentColor;
				CODE_SIGN_STYLE = Automatic;
				CURRENT_PROJECT_VERSION = 1;
				DEVELOPMENT_ASSET_PATHS = "\"study-sage/Preview Content\"";
				ENABLE_PREVIEWS = YES;
				GENERATE_INFOPLIST_FILE = YES;
				INFOPLIST_KEY_UIApplicationSceneManifest_Generation = YES;
				INFOPLIST_KEY_UIApplicationSupportsIndirectInputEvents = YES;
				INFOPLIST_KEY_UILaunchScreen_Generation = YES;
				INFOPLIST_KEY_UISupportedInterfaceOrientations_iPad = "UIInterfaceOrientationPortrait UIInterfaceOrientationPortraitUpsideDown UIInterfaceOrientationLandscapeLeft UIInterfaceOrientationLandscapeRight";
				INFOPLIST_KEY_UISupportedInterfaceOrientations_iPhone = "UIInterfaceOrientationPortrait UIInterfaceOrientationLandscapeLeft UIInterfaceOrientationLandscapeRight";
				LD_RUNPATH_SEARCH_PATHS = (
					"$(inherited)",
					"@executable_path/Frameworks",
				);
				MARKETING_VERSION = 1.0;
				PRODUCT_BUNDLE_IDENTIFIER = "study-sage.study-sage";
				PRODUCT_NAME = "$(TARGET_NAME)";
				SWIFT_EMIT_LOC_STRINGS = YES;
				SWIFT_VERSION = 5.0;
				TARGETED_DEVICE_FAMILY = "1,2";
			};
			name = Release;
		};
		8F78F5DC2C504852000084D3 /* Debug */ = {
			isa = XCBuildConfiguration;
			buildSettings = {
				ALWAYS_EMBED_SWIFT_STANDARD_LIBRARIES = YES;
				BUNDLE_LOADER = "$(TEST_HOST)";
				CODE_SIGN_STYLE = Automatic;
				CURRENT_PROJECT_VERSION = 1;
				GENERATE_INFOPLIST_FILE = YES;
				IPHONEOS_DEPLOYMENT_TARGET = 17.5;
				MARKETING_VERSION = 1.0;
				PRODUCT_BUNDLE_IDENTIFIER = "study-sage.study-sageTests";
				PRODUCT_NAME = "$(TARGET_NAME)";
				SWIFT_EMIT_LOC_STRINGS = NO;
				SWIFT_VERSION = 5.0;
				TARGETED_DEVICE_FAMILY = "1,2";
				TEST_HOST = "$(BUILT_PRODUCTS_DIR)/study-sage.app/$(BUNDLE_EXECUTABLE_FOLDER_PATH)/study-sage";
			};
			name = Debug;
		};
		8F78F5DD2C504852000084D3 /* Release */ = {
			isa = XCBuildConfiguration;
			buildSettings = {
				ALWAYS_EMBED_SWIFT_STANDARD_LIBRARIES = YES;
				BUNDLE_LOADER = "$(TEST_HOST)";
				CODE_SIGN_STYLE = Automatic;
				CURRENT_PROJECT_VERSION = 1;
				GENERATE_INFOPLIST_FILE = YES;
				IPHONEOS_DEPLOYMENT_TARGET = 17.5;
				MARKETING_VERSION = 1.0;
				PRODUCT_BUNDLE_IDENTIFIER = "study-sage.study-sageTests";
				PRODUCT_NAME = "$(TARGET_NAME)";
				SWIFT_EMIT_LOC_STRINGS = NO;
				SWIFT_VERSION = 5.0;
				TARGETED_DEVICE_FAMILY = "1,2";
				TEST_HOST = "$(BUILT_PRODUCTS_DIR)/study-sage.app/$(BUNDLE_EXECUTABLE_FOLDER_PATH)/study-sage";
			};
			name = Release;
		};
		8F78F5DF2C504852000084D3 /* Debug */ = {
			isa = XCBuildConfiguration;
			buildSettings = {
				ALWAYS_EMBED_SWIFT_STANDARD_LIBRARIES = YES;
				CODE_SIGN_STYLE = Automatic;
				CURRENT_PROJECT_VERSION = 1;
				GENERATE_INFOPLIST_FILE = YES;
				MARKETING_VERSION = 1.0;
				PRODUCT_BUNDLE_IDENTIFIER = "study-sage.study-sageUITests";
				PRODUCT_NAME = "$(TARGET_NAME)";
				SWIFT_EMIT_LOC_STRINGS = NO;
				SWIFT_VERSION = 5.0;
				TARGETED_DEVICE_FAMILY = "1,2";
				TEST_TARGET_NAME = "study-sage";
			};
			name = Debug;
		};
		8F78F5E02C504852000084D3 /* Release */ = {
			isa = XCBuildConfiguration;
			buildSettings = {
				ALWAYS_EMBED_SWIFT_STANDARD_LIBRARIES = YES;
				CODE_SIGN_STYLE = Automatic;
				CURRENT_PROJECT_VERSION = 1;
				GENERATE_INFOPLIST_FILE = YES;
				MARKETING_VERSION = 1.0;
				PRODUCT_BUNDLE_IDENTIFIER = "study-sage.study-sageUITests";
				PRODUCT_NAME = "$(TARGET_NAME)";
				SWIFT_EMIT_LOC_STRINGS = NO;
				SWIFT_VERSION = 5.0;
				TARGETED_DEVICE_FAMILY = "1,2";
				TEST_TARGET_NAME = "study-sage";
			};
			name = Release;
		};
/* End XCBuildConfiguration section */

/* Begin XCConfigurationList section */
		8F78F5AF2C504851000084D3 /* Build configuration list for PBXProject "study-sage" */ = {
			isa = XCConfigurationList;
			buildConfigurations = (
				8F78F5D62C504852000084D3 /* Debug */,
				8F78F5D72C504852000084D3 /* Release */,
			);
			defaultConfigurationIsVisible = 0;
			defaultConfigurationName = Release;
		};
		8F78F5D82C504852000084D3 /* Build configuration list for PBXNativeTarget "study-sage" */ = {
			isa = XCConfigurationList;
			buildConfigurations = (
				8F78F5D92C504852000084D3 /* Debug */,
				8F78F5DA2C504852000084D3 /* Release */,
			);
			defaultConfigurationIsVisible = 0;
			defaultConfigurationName = Release;
		};
		8F78F5DB2C504852000084D3 /* Build configuration list for PBXNativeTarget "study-sageTests" */ = {
			isa = XCConfigurationList;
			buildConfigurations = (
				8F78F5DC2C504852000084D3 /* Debug */,
				8F78F5DD2C504852000084D3 /* Release */,
			);
			defaultConfigurationIsVisible = 0;
			defaultConfigurationName = Release;
		};
		8F78F5DE2C504852000084D3 /* Build configuration list for PBXNativeTarget "study-sageUITests" */ = {
			isa = XCConfigurationList;
			buildConfigurations = (
				8F78F5DF2C504852000084D3 /* Debug */,
				8F78F5E02C504852000084D3 /* Release */,
			);
			defaultConfigurationIsVisible = 0;
			defaultConfigurationName = Release;
		};
/* End XCConfigurationList section */
	};
	rootObject = 8F78F5AC2C504851000084D3 /* Project object */;
}
